{
  "name": "uniapp-sample",
  "lockfileVersion": 2,
  "requires": true,
  "packages": {
    "": {
      "dependencies": {
        "zego-express-engine-miniprogram": "^2.10.4"
      }
    },
    "node_modules/zego-express-engine-miniprogram": {
      "version": "2.10.4",
      "resolved": "https://registry.npmmirror.com/zego-express-engine-miniprogram/-/zego-express-engine-miniprogram-2.10.4.tgz",
      "integrity": "sha512-aqqmFAHGl949E8tsiwP07QeG86LEetc03LeqPSDz66WqxMvo3yQ9tJe1q+A3a+6PXakEMo7wOcNIXZz10m7Rtg=="
    }
  },
  "dependencies": {
    "zego-express-engine-miniprogram": {
      "version": "2.10.4",
      "resolved": "https://registry.npmmirror.com/zego-express-engine-miniprogram/-/zego-express-engine-miniprogram-2.10.4.tgz",
      "integrity": "sha512-aqqmFAHGl949E8tsiwP07QeG86LEetc03LeqPSDz66WqxMvo3yQ9tJe1q+A3a+6PXakEMo7wOcNIXZz10m7Rtg=="
    }
  }
}
